// !$*UTF8*$!
{
	archiveVersion = 1;
	classes = {
	};
	objectVersion = 46;
	objects = {

/* Begin PBXBuildFile section */
		E9E42A921D7517EB00C5A74D /* AppDelegate.swift in Sources */ = {isa = PBXBuildFile; fileRef = E9E42A911D7517EB00C5A74D /* AppDelegate.swift */; };
		E9E42A941D7517EB00C5A74D /* JottingViewController.swift in Sources */ = {isa = PBXBuildFile; fileRef = E9E42A931D7517EB00C5A74D /* JottingViewController.swift */; };
		E9E42A971D7517EB00C5A74D /* Main.storyboard in Resources */ = {isa = PBXBuildFile; fileRef = E9E42A951D7517EB00C5A74D /* Main.storyboard */; };
		E9E42A9A1D7517EB00C5A74D /* Jottings.xcdatamodeld in Sources */ = {isa = PBXBuildFile; fileRef = E9E42A981D7517EB00C5A74D /* Jottings.xcdatamodeld */; };
		E9E42A9C1D7517EB00C5A74D /* Assets.xcassets in Resources */ = {isa = PBXBuildFile; fileRef = E9E42A9B1D7517EB00C5A74D /* Assets.xcassets */; };
		E9E42A9F1D7517EB00C5A74D /* LaunchScreen.storyboard in Resources */ = {isa = PBXBuildFile; fileRef = E9E42A9D1D7517EB00C5A74D /* LaunchScreen.storyboard */; };
		E9E42AAA1D7517EB00C5A74D /* JottingsTests.swift in Sources */ = {isa = PBXBuildFile; fileRef = E9E42AA91D7517EB00C5A74D /* JottingsTests.swift */; };
		E9E42AB51D7517EB00C5A74D /* JottingsUITests.swift in Sources */ = {isa = PBXBuildFile; fileRef = E9E42AB41D7517EB00C5A74D /* JottingsUITests.swift */; };
		E9E42ACB1D751CF100C5A74D /* Annotation+CoreDataProperties.swift in Sources */ = {isa = PBXBuildFile; fileRef = E9E42AC31D751CF100C5A74D /* Annotation+CoreDataProperties.swift */; };
		E9E42ACC1D751CF100C5A74D /* Annotation.swift in Sources */ = {isa = PBXBuildFile; fileRef = E9E42AC41D751CF100C5A74D /* Annotation.swift */; };
		E9E42ACD1D751CF100C5A74D /* Jotting+CoreDataProperties.swift in Sources */ = {isa = PBXBuildFile; fileRef = E9E42AC51D751CF100C5A74D /* Jotting+CoreDataProperties.swift */; };
		E9E42ACE1D751CF100C5A74D /* Jotting.swift in Sources */ = {isa = PBXBuildFile; fileRef = E9E42AC61D751CF100C5A74D /* Jotting.swift */; };
		E9E42ACF1D751CF100C5A74D /* Authour+CoreDataProperties.swift in Sources */ = {isa = PBXBuildFile; fileRef = E9E42AC71D751CF100C5A74D /* Authour+CoreDataProperties.swift */; };
		E9E42AD01D751CF100C5A74D /* Authour.swift in Sources */ = {isa = PBXBuildFile; fileRef = E9E42AC81D751CF100C5A74D /* Authour.swift */; };
		E9E42AD11D751CF100C5A74D /* Version+CoreDataProperties.swift in Sources */ = {isa = PBXBuildFile; fileRef = E9E42AC91D751CF100C5A74D /* Version+CoreDataProperties.swift */; };
		E9E42AD21D751CF100C5A74D /* Version.swift in Sources */ = {isa = PBXBuildFile; fileRef = E9E42ACA1D751CF100C5A74D /* Version.swift */; };
		E9E42B131D752BA100C5A74D /* TableViewController.swift in Sources */ = {isa = PBXBuildFile; fileRef = E9E42B121D752BA100C5A74D /* TableViewController.swift */; };
/* End PBXBuildFile section */

/* Begin PBXContainerItemProxy section */
		E9E42AA61D7517EB00C5A74D /* PBXContainerItemProxy */ = {
			isa = PBXContainerItemProxy;
			containerPortal = E9E42A861D7517EB00C5A74D /* Project object */;
			proxyType = 1;
			remoteGlobalIDString = E9E42A8D1D7517EB00C5A74D;
			remoteInfo = Jottings;
		};
		E9E42AB11D7517EB00C5A74D /* PBXContainerItemProxy */ = {
			isa = PBXContainerItemProxy;
			containerPortal = E9E42A861D7517EB00C5A74D /* Project object */;
			proxyType = 1;
			remoteGlobalIDString = E9E42A8D1D7517EB00C5A74D;
			remoteInfo = Jottings;
		};
/* End PBXContainerItemProxy section */

/* Begin PBXFileReference section */
		E9E42A8E1D7517EB00C5A74D /* Jottings.app */ = {isa = PBXFileReference; explicitFileType = wrapper.application; includeInIndex = 0; path = Jottings.app; sourceTree = BUILT_PRODUCTS_DIR; };
		E9E42A911D7517EB00C5A74D /* AppDelegate.swift */ = {isa = PBXFileReference; lastKnownFileType = sourcecode.swift; path = AppDelegate.swift; sourceTree = "<group>"; };
		E9E42A931D7517EB00C5A74D /* JottingViewController.swift */ = {isa = PBXFileReference; lastKnownFileType = sourcecode.swift; path = JottingViewController.swift; sourceTree = "<group>"; };
		E9E42A961D7517EB00C5A74D /* Base */ = {isa = PBXFileReference; lastKnownFileType = file.storyboard; name = Base; path = Base.lproj/Main.storyboard; sourceTree = "<group>"; };
		E9E42A991D7517EB00C5A74D /* Jottings.xcdatamodel */ = {isa = PBXFileReference; lastKnownFileType = wrapper.xcdatamodel; path = Jottings.xcdatamodel; sourceTree = "<group>"; };
		E9E42A9B1D7517EB00C5A74D /* Assets.xcassets */ = {isa = PBXFileReference; lastKnownFileType = folder.assetcatalog; path = Assets.xcassets; sourceTree = "<group>"; };
		E9E42A9E1D7517EB00C5A74D /* Base */ = {isa = PBXFileReference; lastKnownFileType = file.storyboard; name = Base; path = Base.lproj/LaunchScreen.storyboard; sourceTree = "<group>"; };
		E9E42AA01D7517EB00C5A74D /* Info.plist */ = {isa = PBXFileReference; lastKnownFileType = text.plist.xml; path = Info.plist; sourceTree = "<group>"; };
		E9E42AA51D7517EB00C5A74D /* JottingsTests.xctest */ = {isa = PBXFileReference; explicitFileType = wrapper.cfbundle; includeInIndex = 0; path = JottingsTests.xctest; sourceTree = BUILT_PRODUCTS_DIR; };
		E9E42AA91D7517EB00C5A74D /* JottingsTests.swift */ = {isa = PBXFileReference; lastKnownFileType = sourcecode.swift; path = JottingsTests.swift; sourceTree = "<group>"; };
		E9E42AAB1D7517EB00C5A74D /* Info.plist */ = {isa = PBXFileReference; lastKnownFileType = text.plist.xml; path = Info.plist; sourceTree = "<group>"; };
		E9E42AB01D7517EB00C5A74D /* JottingsUITests.xctest */ = {isa = PBXFileReference; explicitFileType = wrapper.cfbundle; includeInIndex = 0; path = JottingsUITests.xctest; sourceTree = BUILT_PRODUCTS_DIR; };
		E9E42AB41D7517EB00C5A74D /* JottingsUITests.swift */ = {isa = PBXFileReference; lastKnownFileType = sourcecode.swift; path = JottingsUITests.swift; sourceTree = "<group>"; };
		E9E42AB61D7517EB00C5A74D /* Info.plist */ = {isa = PBXFileReference; lastKnownFileType = text.plist.xml; path = Info.plist; sourceTree = "<group>"; };
		E9E42AC31D751CF100C5A74D /* Annotation+CoreDataProperties.swift */ = {isa = PBXFileReference; fileEncoding = 4; lastKnownFileType = sourcecode.swift; path = "Annotation+CoreDataProperties.swift"; sourceTree = "<group>"; };
		E9E42AC41D751CF100C5A74D /* Annotation.swift */ = {isa = PBXFileReference; fileEncoding = 4; lastKnownFileType = sourcecode.swift; path = Annotation.swift; sourceTree = "<group>"; };
		E9E42AC51D751CF100C5A74D /* Jotting+CoreDataProperties.swift */ = {isa = PBXFileReference; fileEncoding = 4; lastKnownFileType = sourcecode.swift; path = "Jotting+CoreDataProperties.swift"; sourceTree = "<group>"; };
		E9E42AC61D751CF100C5A74D /* Jotting.swift */ = {isa = PBXFileReference; fileEncoding = 4; lastKnownFileType = sourcecode.swift; path = Jotting.swift; sourceTree = "<group>"; };
		E9E42AC71D751CF100C5A74D /* Authour+CoreDataProperties.swift */ = {isa = PBXFileReference; fileEncoding = 4; lastKnownFileType = sourcecode.swift; path = "Authour+CoreDataProperties.swift"; sourceTree = "<group>"; };
		E9E42AC81D751CF100C5A74D /* Authour.swift */ = {isa = PBXFileReference; fileEncoding = 4; lastKnownFileType = sourcecode.swift; path = Authour.swift; sourceTree = "<group>"; };
		E9E42AC91D751CF100C5A74D /* Version+CoreDataProperties.swift */ = {isa = PBXFileReference; fileEncoding = 4; lastKnownFileType = sourcecode.swift; path = "Version+CoreDataProperties.swift"; sourceTree = "<group>"; };
		E9E42ACA1D751CF100C5A74D /* Version.swift */ = {isa = PBXFileReference; fileEncoding = 4; lastKnownFileType = sourcecode.swift; path = Version.swift; sourceTree = "<group>"; };
		E9E42B121D752BA100C5A74D /* TableViewController.swift */ = {isa = PBXFileReference; fileEncoding = 4; lastKnownFileType = sourcecode.swift; path = TableViewController.swift; sourceTree = "<group>"; };
/* End PBXFileReference section */

/* Begin PBXFrameworksBuildPhase section */
		E9E42A8B1D7517EB00C5A74D /* Frameworks */ = {
			isa = PBXFrameworksBuildPhase;
			buildActionMask = 2147483647;
			files = (
			);
			runOnlyForDeploymentPostprocessing = 0;
		};
		E9E42AA21D7517EB00C5A74D /* Frameworks */ = {
			isa = PBXFrameworksBuildPhase;
			buildActionMask = 2147483647;
			files = (
			);
			runOnlyForDeploymentPostprocessing = 0;
		};
		E9E42AAD1D7517EB00C5A74D /* Frameworks */ = {
			isa = PBXFrameworksBuildPhase;
			buildActionMask = 2147483647;
			files = (
			);
			runOnlyForDeploymentPostprocessing = 0;
		};
/* End PBXFrameworksBuildPhase section */

/* Begin PBXGroup section */
		E9E42A851D7517EB00C5A74D = {
			isa = PBXGroup;
			children = (
				E9E42A901D7517EB00C5A74D /* Jottings */,
				E9E42AA81D7517EB00C5A74D /* JottingsTests */,
				E9E42AB31D7517EB00C5A74D /* JottingsUITests */,
				E9E42A8F1D7517EB00C5A74D /* Products */,
			);
			sourceTree = "<group>";
		};
		E9E42A8F1D7517EB00C5A74D /* Products */ = {
			isa = PBXGroup;
			children = (
				E9E42A8E1D7517EB00C5A74D /* Jottings.app */,
				E9E42AA51D7517EB00C5A74D /* JottingsTests.xctest */,
				E9E42AB01D7517EB00C5A74D /* JottingsUITests.xctest */,
			);
			name = Products;
			sourceTree = "<group>";
		};
		E9E42A901D7517EB00C5A74D /* Jottings */ = {
			isa = PBXGroup;
			children = (
				E9E42A911D7517EB00C5A74D /* AppDelegate.swift */,
				E9E42A931D7517EB00C5A74D /* JottingViewController.swift */,
				E9E42B121D752BA100C5A74D /* TableViewController.swift */,
				E9E42A951D7517EB00C5A74D /* Main.storyboard */,
				E9E42A9B1D7517EB00C5A74D /* Assets.xcassets */,
				E9E42A9D1D7517EB00C5A74D /* LaunchScreen.storyboard */,
				E9E42AA01D7517EB00C5A74D /* Info.plist */,
				E9E42AC21D7518E400C5A74D /* CoreData */,
			);
			path = Jottings;
			sourceTree = "<group>";
		};
		E9E42AA81D7517EB00C5A74D /* JottingsTests */ = {
			isa = PBXGroup;
			children = (
				E9E42AA91D7517EB00C5A74D /* JottingsTests.swift */,
				E9E42AAB1D7517EB00C5A74D /* Info.plist */,
			);
			path = JottingsTests;
			sourceTree = "<group>";
		};
		E9E42AB31D7517EB00C5A74D /* JottingsUITests */ = {
			isa = PBXGroup;
			children = (
				E9E42AB41D7517EB00C5A74D /* JottingsUITests.swift */,
				E9E42AB61D7517EB00C5A74D /* Info.plist */,
			);
			path = JottingsUITests;
			sourceTree = "<group>";
		};
		E9E42AC21D7518E400C5A74D /* CoreData */ = {
			isa = PBXGroup;
			children = (
				E9E42AC31D751CF100C5A74D /* Annotation+CoreDataProperties.swift */,
				E9E42AC41D751CF100C5A74D /* Annotation.swift */,
				E9E42AC51D751CF100C5A74D /* Jotting+CoreDataProperties.swift */,
				E9E42AC61D751CF100C5A74D /* Jotting.swift */,
				E9E42AC71D751CF100C5A74D /* Authour+CoreDataProperties.swift */,
				E9E42AC81D751CF100C5A74D /* Authour.swift */,
				E9E42AC91D751CF100C5A74D /* Version+CoreDataProperties.swift */,
				E9E42ACA1D751CF100C5A74D /* Version.swift */,
				E9E42A981D7517EB00C5A74D /* Jottings.xcdatamodeld */,
			);
			name = CoreData;
			sourceTree = "<group>";
		};
/* End PBXGroup section */

/* Begin PBXNativeTarget section */
		E9E42A8D1D7517EB00C5A74D /* Jottings */ = {
			isa = PBXNativeTarget;
			buildConfigurationList = E9E42AB91D7517EB00C5A74D /* Build configuration list for PBXNativeTarget "Jottings" */;
			buildPhases = (
				E9E42A8A1D7517EB00C5A74D /* Sources */,
				E9E42A8B1D7517EB00C5A74D /* Frameworks */,
				E9E42A8C1D7517EB00C5A74D /* Resources */,
			);
			buildRules = (
			);
			dependencies = (
			);
			name = Jottings;
			productName = Jottings;
			productReference = E9E42A8E1D7517EB00C5A74D /* Jottings.app */;
			productType = "com.apple.product-type.application";
		};
		E9E42AA41D7517EB00C5A74D /* JottingsTests */ = {
			isa = PBXNativeTarget;
			buildConfigurationList = E9E42ABC1D7517EB00C5A74D /* Build configuration list for PBXNativeTarget "JottingsTests" */;
			buildPhases = (
				E9E42AA11D7517EB00C5A74D /* Sources */,
				E9E42AA21D7517EB00C5A74D /* Frameworks */,
				E9E42AA31D7517EB00C5A74D /* Resources */,
			);
			buildRules = (
			);
			dependencies = (
				E9E42AA71D7517EB00C5A74D /* PBXTargetDependency */,
			);
			name = JottingsTests;
			productName = JottingsTests;
			productReference = E9E42AA51D7517EB00C5A74D /* JottingsTests.xctest */;
			productType = "com.apple.product-type.bundle.unit-test";
		};
		E9E42AAF1D7517EB00C5A74D /* JottingsUITests */ = {
			isa = PBXNativeTarget;
			buildConfigurationList = E9E42ABF1D7517EB00C5A74D /* Build configuration list for PBXNativeTarget "JottingsUITests" */;
			buildPhases = (
				E9E42AAC1D7517EB00C5A74D /* Sources */,
				E9E42AAD1D7517EB00C5A74D /* Frameworks */,
				E9E42AAE1D7517EB00C5A74D /* Resources */,
			);
			buildRules = (
			);
			dependencies = (
				E9E42AB21D7517EB00C5A74D /* PBXTargetDependency */,
			);
			name = JottingsUITests;
			productName = JottingsUITests;
			productReference = E9E42AB01D7517EB00C5A74D /* JottingsUITests.xctest */;
			productType = "com.apple.product-type.bundle.ui-testing";
		};
/* End PBXNativeTarget section */

/* Begin PBXProject section */
		E9E42A861D7517EB00C5A74D /* Project object */ = {
			isa = PBXProject;
			attributes = {
				LastSwiftUpdateCheck = 0730;
				LastUpgradeCheck = 0730;
				ORGANIZATIONNAME = Kals;
				TargetAttributes = {
					E9E42A8D1D7517EB00C5A74D = {
						CreatedOnToolsVersion = 7.3.1;
					};
					E9E42AA41D7517EB00C5A74D = {
						CreatedOnToolsVersion = 7.3.1;
						TestTargetID = E9E42A8D1D7517EB00C5A74D;
					};
					E9E42AAF1D7517EB00C5A74D = {
						CreatedOnToolsVersion = 7.3.1;
						TestTargetID = E9E42A8D1D7517EB00C5A74D;
					};
				};
			};
			buildConfigurationList = E9E42A891D7517EB00C5A74D /* Build configuration list for PBXProject "Jottings" */;
			compatibilityVersion = "Xcode 3.2";
			developmentRegion = English;
			hasScannedForEncodings = 0;
			knownRegions = (
				en,
				Base,
			);
			mainGroup = E9E42A851D7517EB00C5A74D;
			productRefGroup = E9E42A8F1D7517EB00C5A74D /* Products */;
			projectDirPath = "";
			projectRoot = "";
			targets = (
				E9E42A8D1D7517EB00C5A74D /* Jottings */,
				E9E42AA41D7517EB00C5A74D /* JottingsTests */,
				E9E42AAF1D7517EB00C5A74D /* JottingsUITests */,
			);
		};
/* End PBXProject section */

/* Begin PBXResourcesBuildPhase section */
		E9E42A8C1D7517EB00C5A74D /* Resources */ = {
			isa = PBXResourcesBuildPhase;
			buildActionMask = 2147483647;
			files = (
				E9E42A9F1D7517EB00C5A74D /* LaunchScreen.storyboard in Resources */,
				E9E42A9C1D7517EB00C5A74D /* Assets.xcassets in Resources */,
				E9E42A971D7517EB00C5A74D /* Main.storyboard in Resources */,
			);
			runOnlyForDeploymentPostprocessing = 0;
		};
		E9E42AA31D7517EB00C5A74D /* Resources */ = {
			isa = PBXResourcesBuildPhase;
			buildActionMask = 2147483647;
			files = (
			);
			runOnlyForDeploymentPostprocessing = 0;
		};
		E9E42AAE1D7517EB00C5A74D /* Resources */ = {
			isa = PBXResourcesBuildPhase;
			buildActionMask = 2147483647;
			files = (
			);
			runOnlyForDeploymentPostprocessing = 0;
		};
/* End PBXResourcesBuildPhase section */

/* Begin PBXSourcesBuildPhase section */
		E9E42A8A1D7517EB00C5A74D /* Sources */ = {
			isa = PBXSourcesBuildPhase;
			buildActionMask = 2147483647;
			files = (
				E9E42AD11D751CF100C5A74D /* Version+CoreDataProperties.swift in Sources */,
				E9E42ACB1D751CF100C5A74D /* Annotation+CoreDataProperties.swift in Sources */,
				E9E42ACC1D751CF100C5A74D /* Annotation.swift in Sources */,
				E9E42ACE1D751CF100C5A74D /* Jotting.swift in Sources */,
				E9E42ACD1D751CF100C5A74D /* Jotting+CoreDataProperties.swift in Sources */,
				E9E42ACF1D751CF100C5A74D /* Authour+CoreDataProperties.swift in Sources */,
				E9E42A941D7517EB00C5A74D /* JottingViewController.swift in Sources */,
				E9E42B131D752BA100C5A74D /* TableViewController.swift in Sources */,
				E9E42A9A1D7517EB00C5A74D /* Jottings.xcdatamodeld in Sources */,
				E9E42A921D7517EB00C5A74D /* AppDelegate.swift in Sources */,
				E9E42AD01D751CF100C5A74D /* Authour.swift in Sources */,
				E9E42AD21D751CF100C5A74D /* Version.swift in Sources */,
			);
			runOnlyForDeploymentPostprocessing = 0;
		};
		E9E42AA11D7517EB00C5A74D /* Sources */ = {
			isa = PBXSourcesBuildPhase;
			buildActionMask = 2147483647;
			files = (
				E9E42AAA1D7517EB00C5A74D /* JottingsTests.swift in Sources */,
			);
			runOnlyForDeploymentPostprocessing = 0;
		};
		E9E42AAC1D7517EB00C5A74D /* Sources */ = {
			isa = PBXSourcesBuildPhase;
			buildActionMask = 2147483647;
			files = (
				E9E42AB51D7517EB00C5A74D /* JottingsUITests.swift in Sources */,
			);
			runOnlyForDeploymentPostprocessing = 0;
		};
/* End PBXSourcesBuildPhase section */

/* Begin PBXTargetDependency section */
		E9E42AA71D7517EB00C5A74D /* PBXTargetDependency */ = {
			isa = PBXTargetDependency;
			target = E9E42A8D1D7517EB00C5A74D /* Jottings */;
			targetProxy = E9E42AA61D7517EB00C5A74D /* PBXContainerItemProxy */;
		};
		E9E42AB21D7517EB00C5A74D /* PBXTargetDependency */ = {
			isa = PBXTargetDependency;
			target = E9E42A8D1D7517EB00C5A74D /* Jottings */;
			targetProxy = E9E42AB11D7517EB00C5A74D /* PBXContainerItemProxy */;
		};
/* End PBXTargetDependency section */

/* Begin PBXVariantGroup section */
		E9E42A951D7517EB00C5A74D /* Main.storyboard */ = {
			isa = PBXVariantGroup;
			children = (
				E9E42A961D7517EB00C5A74D /* Base */,
			);
			name = Main.storyboard;
			sourceTree = "<group>";
		};
		E9E42A9D1D7517EB00C5A74D /* LaunchScreen.storyboard */ = {
			isa = PBXVariantGroup;
			children = (
				E9E42A9E1D7517EB00C5A74D /* Base */,
			);
			name = LaunchScreen.storyboard;
			sourceTree = "<group>";
		};
/* End PBXVariantGroup section */

/* Begin XCBuildConfiguration section */
		E9E42AB71D7517EB00C5A74D /* Debug */ = {
			isa = XCBuildConfiguration;
			buildSettings = {
				ALWAYS_SEARCH_USER_PATHS = NO;
				CLANG_ANALYZER_NONNULL = YES;
				CLANG_CXX_LANGUAGE_STANDARD = "gnu++0x";
				CLANG_CXX_LIBRARY = "libc++";
				CLANG_ENABLE_MODULES = YES;
				CLANG_ENABLE_OBJC_ARC = YES;
				CLANG_WARN_BOOL_CONVERSION = YES;
				CLANG_WARN_CONSTANT_CONVERSION = YES;
				CLANG_WARN_DIRECT_OBJC_ISA_USAGE = YES_ERROR;
				CLANG_WARN_EMPTY_BODY = YES;
				CLANG_WARN_ENUM_CONVERSION = YES;
				CLANG_WARN_INT_CONVERSION = YES;
				CLANG_WARN_OBJC_ROOT_CLASS = YES_ERROR;
				CLANG_WARN_UNREACHABLE_CODE = YES;
				CLANG_WARN__DUPLICATE_METHOD_MATCH = YES;
				"CODE_SIGN_IDENTITY[sdk=iphoneos*]" = "iPhone Developer";
				COPY_PHASE_STRIP = NO;
				DEBUG_INFORMATION_FORMAT = dwarf;
				ENABLE_STRICT_OBJC_MSGSEND = YES;
				ENABLE_TESTABILITY = YES;
				GCC_C_LANGUAGE_STANDARD = gnu99;
				GCC_DYNAMIC_NO_PIC = NO;
				GCC_NO_COMMON_BLOCKS = YES;
				GCC_OPTIMIZATION_LEVEL = 0;
				GCC_PREPROCESSOR_DEFINITIONS = (
					"DEBUG=1",
					"$(inherited)",
				);
				GCC_WARN_64_TO_32_BIT_CONVERSION = YES;
				GCC_WARN_ABOUT_RETURN_TYPE = YES_ERROR;
				GCC_WARN_UNDECLARED_SELECTOR = YES;
				GCC_WARN_UNINITIALIZED_AUTOS = YES_AGGRESSIVE;
				GCC_WARN_UNUSED_FUNCTION = YES;
				GCC_WARN_UNUSED_VARIABLE = YES;
				IPHONEOS_DEPLOYMENT_TARGET = 9.3;
				MTL_ENABLE_DEBUG_INFO = YES;
				ONLY_ACTIVE_ARCH = YES;
				SDKROOT = iphoneos;
				SWIFT_OPTIMIZATION_LEVEL = "-Onone";
				TARGETED_DEVICE_FAMILY = "1,2";
			};
			name = Debug;
		};
		E9E42AB81D7517EB00C5A74D /* Release */ = {
			isa = XCBuildConfiguration;
			buildSettings = {
				ALWAYS_SEARCH_USER_PATHS = NO;
				CLANG_ANALYZER_NONNULL = YES;
				CLANG_CXX_LANGUAGE_STANDARD = "gnu++0x";
				CLANG_CXX_LIBRARY = "libc++";
				CLANG_ENABLE_MODULES = YES;
				CLANG_ENABLE_OBJC_ARC = YES;
				CLANG_WARN_BOOL_CONVERSION = YES;
				CLANG_WARN_CONSTANT_CONVERSION = YES;
				CLANG_WARN_DIRECT_OBJC_ISA_USAGE = YES_ERROR;
				CLANG_WARN_EMPTY_BODY = YES;
				CLANG_WARN_ENUM_CONVERSION = YES;
				CLANG_WARN_INT_CONVERSION = YES;
				CLANG_WARN_OBJC_ROOT_CLASS = YES_ERROR;
				CLANG_WARN_UNREACHABLE_CODE = YES;
				CLANG_WARN__DUPLICATE_METHOD_MATCH = YES;
				"CODE_SIGN_IDENTITY[sdk=iphoneos*]" = "iPhone Developer";
				COPY_PHASE_STRIP = NO;
				DEBUG_INFORMATION_FORMAT = "dwarf-with-dsym";
				ENABLE_NS_ASSERTIONS = NO;
				ENABLE_STRICT_OBJC_MSGSEND = YES;
				GCC_C_LANGUAGE_STANDARD = gnu99;
				GCC_NO_COMMON_BLOCKS = YES;
				GCC_WARN_64_TO_32_BIT_CONVERSION = YES;
				GCC_WARN_ABOUT_RETURN_TYPE = YES_ERROR;
				GCC_WARN_UNDECLARED_SELECTOR = YES;
				GCC_WARN_UNINITIALIZED_AUTOS = YES_AGGRESSIVE;
				GCC_WARN_UNUSED_FUNCTION = YES;
				GCC_WARN_UNUSED_VARIABLE = YES;
				IPHONEOS_DEPLOYMENT_TARGET = 9.3;
				MTL_ENABLE_DEBUG_INFO = NO;
				SDKROOT = iphoneos;
				TARGETED_DEVICE_FAMILY = "1,2";
				VALIDATE_PRODUCT = YES;
			};
			name = Release;
		};
		E9E42ABA1D7517EB00C5A74D /* Debug */ = {
			isa = XCBuildConfiguration;
			buildSettings = {
				ASSETCATALOG_COMPILER_APPICON_NAME = AppIcon;
				INFOPLIST_FILE = Jottings/Info.plist;
				LD_RUNPATH_SEARCH_PATHS = "$(inherited) @executable_path/Frameworks";
				PRODUCT_BUNDLE_IDENTIFIER = no.kals.Jottings;
				PRODUCT_NAME = "$(TARGET_NAME)";
			};
			name = Debug;
		};
		E9E42ABB1D7517EB00C5A74D /* Release */ = {
			isa = XCBuildConfiguration;
			buildSettings = {
				ASSETCATALOG_COMPILER_APPICON_NAME = AppIcon;
				INFOPLIST_FILE = Jottings/Info.plist;
				LD_RUNPATH_SEARCH_PATHS = "$(inherited) @executable_path/Frameworks";
				PRODUCT_BUNDLE_IDENTIFIER = no.kals.Jottings;
				PRODUCT_NAME = "$(TARGET_NAME)";
			};
			name = Release;
		};
		E9E42ABD1D7517EB00C5A74D /* Debug */ = {
			isa = XCBuildConfiguration;
			buildSettings = {
				BUNDLE_LOADER = "$(TEST_HOST)";
				INFOPLIST_FILE = JottingsTests/Info.plist;
				LD_RUNPATH_SEARCH_PATHS = "$(inherited) @executable_path/Frameworks @loader_path/Frameworks";
				PRODUCT_BUNDLE_IDENTIFIER = no.kals.JottingsTests;
				PRODUCT_NAME = "$(TARGET_NAME)";
				TEST_HOST = "$(BUILT_PRODUCTS_DIR)/Jottings.app/Jottings";
			};
			name = Debug;
		};
		E9E42ABE1D7517EB00C5A74D /* Release */ = {
			isa = XCBuildConfiguration;
			buildSettings = {
				BUNDLE_LOADER = "$(TEST_HOST)";
				INFOPLIST_FILE = JottingsTests/Info.plist;
				LD_RUNPATH_SEARCH_PATHS = "$(inherited) @executable_path/Frameworks @loader_path/Frameworks";
				PRODUCT_BUNDLE_IDENTIFIER = no.kals.JottingsTests;
				PRODUCT_NAME = "$(TARGET_NAME)";
				TEST_HOST = "$(BUILT_PRODUCTS_DIR)/Jottings.app/Jottings";
			};
			name = Release;
		};
		E9E42AC01D7517EB00C5A74D /* Debug */ = {
			isa = XCBuildConfiguration;
			buildSettings = {
				INFOPLIST_FILE = JottingsUITests/Info.plist;
				LD_RUNPATH_SEARCH_PATHS = "$(inherited) @executable_path/Frameworks @loader_path/Frameworks";
				PRODUCT_BUNDLE_IDENTIFIER = no.kals.JottingsUITests;
				PRODUCT_NAME = "$(TARGET_NAME)";
				TEST_TARGET_NAME = Jottings;
			};
			name = Debug;
		};
		E9E42AC11D7517EB00C5A74D /* Release */ = {
			isa = XCBuildConfiguration;
			buildSettings = {
				INFOPLIST_FILE = JottingsUITests/Info.plist;
				LD_RUNPATH_SEARCH_PATHS = "$(inherited) @executable_path/Frameworks @loader_path/Frameworks";
				PRODUCT_BUNDLE_IDENTIFIER = no.kals.JottingsUITests;
				PRODUCT_NAME = "$(TARGET_NAME)";
				TEST_TARGET_NAME = Jottings;
			};
			name = Release;
		};
/* End XCBuildConfiguration section */

/* Begin XCConfigurationList section */
		E9E42A891D7517EB00C5A74D /* Build configuration list for PBXProject "Jottings" */ = {
			isa = XCConfigurationList;
			buildConfigurations = (
				E9E42AB71D7517EB00C5A74D /* Debug */,
				E9E42AB81D7517EB00C5A74D /* Release */,
			);
			defaultConfigurationIsVisible = 0;
			defaultConfigurationName = Release;
		};
		E9E42AB91D7517EB00C5A74D /* Build configuration list for PBXNativeTarget "Jottings" */ = {
			isa = XCConfigurationList;
			buildConfigurations = (
				E9E42ABA1D7517EB00C5A74D /* Debug */,
				E9E42ABB1D7517EB00C5A74D /* Release */,
			);
			defaultConfigurationIsVisible = 0;
		};
		E9E42ABC1D7517EB00C5A74D /* Build configuration list for PBXNativeTarget "JottingsTests" */ = {
			isa = XCConfigurationList;
			buildConfigurations = (
				E9E42ABD1D7517EB00C5A74D /* Debug */,
				E9E42ABE1D7517EB00C5A74D /* Release */,
			);
			defaultConfigurationIsVisible = 0;
		};
		E9E42ABF1D7517EB00C5A74D /* Build configuration list for PBXNativeTarget "JottingsUITests" */ = {
			isa = XCConfigurationList;
			buildConfigurations = (
				E9E42AC01D7517EB00C5A74D /* Debug */,
				E9E42AC11D7517EB00C5A74D /* Release */,
			);
			defaultConfigurationIsVisible = 0;
		};
/* End XCConfigurationList section */

/* Begin XCVersionGroup section */
		E9E42A981D7517EB00C5A74D /* Jottings.xcdatamodeld */ = {
			isa = XCVersionGroup;
			children = (
				E9E42A991D7517EB00C5A74D /* Jottings.xcdatamodel */,
			);
			currentVersion = E9E42A991D7517EB00C5A74D /* Jottings.xcdatamodel */;
			path = Jottings.xcdatamodeld;
			sourceTree = "<group>";
			versionGroupType = wrapper.xcdatamodel;
		};
/* End XCVersionGroup section */
	};
	rootObject = E9E42A861D7517EB00C5A74D /* Project object */;
}
